
Microsoft Visual Studio Solution File, Format Version 12.00
# Visual Studio Version 17
VisualStudioVersion = 17.6.33829.357
MinimumVisualStudioVersion = 10.0.40219.1
Project("{FAE04EC0-301F-11D3-BF4B-00C04F79EFBC}") = "DBAuto", "DBAuto.csproj", "{3A2DD8EB-EF49-41EC-82C0-94E96DE57E4E}"
EndProject
Global
	GlobalSection(SolutionConfigurationPlatforms) = preSolution
		Debug|Any CPU = Debug|Any CPU
		Release|Any CPU = Release|Any CPU
	EndGlobalSection
	GlobalSection(ProjectConfigurationPlatforms) = postSolution
		{3A2DD8EB-EF49-41EC-82C0-94E96DE57E4E}.Debug|Any CPU.ActiveCfg = Debug|Any CPU
		{3A2DD8EB-EF49-41EC-82C0-94E96DE57E4E}.Debug|Any CPU.Build.0 = Debug|Any CPU
		{3A2DD8EB-EF49-41EC-82C0-94E96DE57E4E}.Release|Any CPU.ActiveCfg = Release|Any CPU
		{3A2DD8EB-EF49-41EC-82C0-94E96DE57E4E}.Release|Any CPU.Build.0 = Release|Any CPU
	EndGlobalSection
	GlobalSection(SolutionProperties) = preSolution
		HideSolutionNode = FALSE
	EndGlobalSection
	GlobalSection(ExtensibilityGlobals) = postSolution
		SolutionGuid = {3434446F-780D-43B8-B06E-267D15B242B2}
	EndGlobalSection
EndGlobal
